
Microsoft Visual Studio Solution File, Format Version 12.00
# Visual Studio Version 17
VisualStudioVersion = 17.8.34316.72
MinimumVisualStudioVersion = 10.0.40219.1
Project("{FAE04EC0-301F-11D3-BF4B-00C04F79EFBC}") = "CapaPresentacionHome", "CapaPresentacionHome\CapaPresentacionHome.csproj", "{C722535E-CC7D-434E-A85F-1849C420562D}"
EndProject
Project("{FAE04EC0-301F-11D3-BF4B-00C04F79EFBC}") = "CapaPresentacionLibros", "CapaPresentacionLibros\CapaPresentacionLibros.csproj", "{605FAE44-76E0-4EBA-817C-7FA3AF81007F}"
EndProject
Project("{FAE04EC0-301F-11D3-BF4B-00C04F79EFBC}") = "CapaPresentacionPrestamos", "CapaPresentacionPrestamos\CapaPresentacionPrestamos.csproj", "{B2E564CC-D3B9-4ECD-9D24-CD0610AC1856}"
EndProject
Global
	GlobalSection(SolutionConfigurationPlatforms) = preSolution
		Debug|Any CPU = Debug|Any CPU
		Release|Any CPU = Release|Any CPU
	EndGlobalSection
	GlobalSection(ProjectConfigurationPlatforms) = postSolution
		{C722535E-CC7D-434E-A85F-1849C420562D}.Debug|Any CPU.ActiveCfg = Debug|Any CPU
		{C722535E-CC7D-434E-A85F-1849C420562D}.Debug|Any CPU.Build.0 = Debug|Any CPU
		{C722535E-CC7D-434E-A85F-1849C420562D}.Release|Any CPU.ActiveCfg = Release|Any CPU
		{C722535E-CC7D-434E-A85F-1849C420562D}.Release|Any CPU.Build.0 = Release|Any CPU
		{605FAE44-76E0-4EBA-817C-7FA3AF81007F}.Debug|Any CPU.ActiveCfg = Debug|Any CPU
		{605FAE44-76E0-4EBA-817C-7FA3AF81007F}.Debug|Any CPU.Build.0 = Debug|Any CPU
		{605FAE44-76E0-4EBA-817C-7FA3AF81007F}.Release|Any CPU.ActiveCfg = Release|Any CPU
		{605FAE44-76E0-4EBA-817C-7FA3AF81007F}.Release|Any CPU.Build.0 = Release|Any CPU
		{B2E564CC-D3B9-4ECD-9D24-CD0610AC1856}.Debug|Any CPU.ActiveCfg = Debug|Any CPU
		{B2E564CC-D3B9-4ECD-9D24-CD0610AC1856}.Debug|Any CPU.Build.0 = Debug|Any CPU
		{B2E564CC-D3B9-4ECD-9D24-CD0610AC1856}.Release|Any CPU.ActiveCfg = Release|Any CPU
		{B2E564CC-D3B9-4ECD-9D24-CD0610AC1856}.Release|Any CPU.Build.0 = Release|Any CPU
	EndGlobalSection
	GlobalSection(SolutionProperties) = preSolution
		HideSolutionNode = FALSE
	EndGlobalSection
	GlobalSection(ExtensibilityGlobals) = postSolution
		SolutionGuid = {66C1C883-7123-4046-9D59-699EA0BA9CDE}
	EndGlobalSection
EndGlobal
